
Microsoft Visual Studio Solution File, Format Version 9.00
# Visual Studio 2005
Project("{FAE04EC0-301F-11D3-BF4B-00C04F79EFBC}") = "NEPS.BulkMoveFeatures", "NEPS.BulkMoveFeatures\NEPS.BulkMoveFeatures.csproj", "{06A42D5D-C5C5-4B8F-A873-186D2E302687}"
EndProject
Global
	GlobalSection(SolutionConfigurationPlatforms) = preSolution
		Debug|Any CPU = Debug|Any CPU
		Release|Any CPU = Release|Any CPU
	EndGlobalSection
	GlobalSection(ProjectConfigurationPlatforms) = postSolution
		{06A42D5D-C5C5-4B8F-A873-186D2E302687}.Debug|Any CPU.ActiveCfg = Debug|Any CPU
		{06A42D5D-C5C5-4B8F-A873-186D2E302687}.Debug|Any CPU.Build.0 = Debug|Any CPU
		{06A42D5D-C5C5-4B8F-A873-186D2E302687}.Release|Any CPU.ActiveCfg = Release|Any CPU
		{06A42D5D-C5C5-4B8F-A873-186D2E302687}.Release|Any CPU.Build.0 = Release|Any CPU
	EndGlobalSection
	GlobalSection(SolutionProperties) = preSolution
		HideSolutionNode = FALSE
	EndGlobalSection
EndGlobal
